
Microsoft Visual Studio Solution File, Format Version 12.00
# Visual Studio Version 16
VisualStudioVersion = 16.0.30204.135
MinimumVisualStudioVersion = 10.0.40219.1
Project("{FAE04EC0-301F-11D3-BF4B-00C04F79EFBC}") = "UI", "ChessEngineInCSharp\UI.csproj", "{39BD3A36-BAF4-474E-BC44-0014CAF96C51}"
EndProject
Project("{FAE04EC0-301F-11D3-BF4B-00C04F79EFBC}") = "ChessEngine", "ChessEngine\ChessEngine.csproj", "{BE0DE3ED-7F1E-4ADE-907E-F953A37AC6EE}"
EndProject
Project("{FAE04EC0-301F-11D3-BF4B-00C04F79EFBC}") = "ChessEngine.Tests", "ChessEngine.Tests\ChessEngine.Tests.csproj", "{59A803CC-FB73-49D6-8A20-42C9BF89B6B6}"
EndProject
Global
	GlobalSection(SolutionConfigurationPlatforms) = preSolution
		Debug|Any CPU = Debug|Any CPU
		Release|Any CPU = Release|Any CPU
	EndGlobalSection
	GlobalSection(ProjectConfigurationPlatforms) = postSolution
		{39BD3A36-BAF4-474E-BC44-0014CAF96C51}.Debug|Any CPU.ActiveCfg = Debug|Any CPU
		{39BD3A36-BAF4-474E-BC44-0014CAF96C51}.Debug|Any CPU.Build.0 = Debug|Any CPU
		{39BD3A36-BAF4-474E-BC44-0014CAF96C51}.Release|Any CPU.ActiveCfg = Release|Any CPU
		{39BD3A36-BAF4-474E-BC44-0014CAF96C51}.Release|Any CPU.Build.0 = Release|Any CPU
		{BE0DE3ED-7F1E-4ADE-907E-F953A37AC6EE}.Debug|Any CPU.ActiveCfg = Debug|Any CPU
		{BE0DE3ED-7F1E-4ADE-907E-F953A37AC6EE}.Debug|Any CPU.Build.0 = Debug|Any CPU
		{BE0DE3ED-7F1E-4ADE-907E-F953A37AC6EE}.Release|Any CPU.ActiveCfg = Release|Any CPU
		{BE0DE3ED-7F1E-4ADE-907E-F953A37AC6EE}.Release|Any CPU.Build.0 = Release|Any CPU
		{59A803CC-FB73-49D6-8A20-42C9BF89B6B6}.Debug|Any CPU.ActiveCfg = Debug|Any CPU
		{59A803CC-FB73-49D6-8A20-42C9BF89B6B6}.Debug|Any CPU.Build.0 = Debug|Any CPU
		{59A803CC-FB73-49D6-8A20-42C9BF89B6B6}.Release|Any CPU.ActiveCfg = Release|Any CPU
		{59A803CC-FB73-49D6-8A20-42C9BF89B6B6}.Release|Any CPU.Build.0 = Release|Any CPU
	EndGlobalSection
	GlobalSection(SolutionProperties) = preSolution
		HideSolutionNode = FALSE
	EndGlobalSection
	GlobalSection(ExtensibilityGlobals) = postSolution
		SolutionGuid = {4C0E52DF-D4D8-4FE6-9D67-F37D805E3C73}
	EndGlobalSection
EndGlobal
